PODS:
  - SygicAuth (1.3.1)
  - SygicMaps (21.1.0):
    - SygicAuth (~> 1.3)

DEPENDENCIES:
  - SygicMaps (~> 21.0)

SPEC REPOS:
  trunk:
    - SygicAuth
    - SygicMaps

SPEC CHECKSUMS:
  SygicAuth: 4da5f99911c8244ef1cbfa72b77f72615b374684
  SygicMaps: 191ae8cff803e7e6e83529bafb1792c9fc374eed

PODFILE CHECKSUM: 2378e45846adf5c74ef3dda4ee341273d7478c0f

COCOAPODS: 1.15.2
